github.com/adityatelange/hugo-PaperMod v0.0.0-20251026154251-1cf53273c3ba h1:tQBhO2phdgzYPJx/ylpkvrpzNGOB+W3bnYVoHgSQubg=
github.com/adityatelange/hugo-PaperMod v0.0.0-20251026154251-1cf53273c3ba/go.mod h1:HCHxNMKYdGafUYjVV3ICiAqznZK2yH0iI53jqcDFDdQ=
github.com/adityatelange/hugo-PaperMod v0.0.0-20260125152547-3bb0ca281fd1 h1:nS0GAIWJZIxy1YWwGce18ePQHB7v1Y1sxUTOOrBAIeA=
github.com/adityatelange/hugo-PaperMod v0.0.0-20260125152547-3bb0ca281fd1/go.mod h1:HCHxNMKYdGafUYjVV3ICiAqznZK2yH0iI53jqcDFDdQ=
